// !$*UTF8*$!
{
	archiveVersion = 1;
	classes = {
	};
	objectVersion = 48;
	objects = {

/* Begin PBXBuildFile section */
		7B4BC60C206BFF88007CD49E /* itemCell.swift in Sources */ = {isa = PBXBuildFile; fileRef = 7B4BC60B206BFF88007CD49E /* itemCell.swift */; };
		7B4BC60F206C00F3007CD49E /* Product.swift in Sources */ = {isa = PBXBuildFile; fileRef = 7B4BC60E206C00F3007CD49E /* Product.swift */; };
		8328BCA5206B26F600B93462 /* loginViewController.swift in Sources */ = {isa = PBXBuildFile; fileRef = 8328BCA4206B26F600B93462 /* loginViewController.swift */; };
		83670D45206B2A2E00978438 /* GoogleService-Info.plist in Resources */ = {isa = PBXBuildFile; fileRef = 83670D44206B2A2E00978438 /* GoogleService-Info.plist */; };
		83A59AE2203359D60007840D /* AppDelegate.swift in Sources */ = {isa = PBXBuildFile; fileRef = 83A59AE1203359D60007840D /* AppDelegate.swift */; };
		83A59AE7203359D60007840D /* Main.storyboard in Resources */ = {isa = PBXBuildFile; fileRef = 83A59AE5203359D60007840D /* Main.storyboard */; };
		83A59AE9203359D60007840D /* Assets.xcassets in Resources */ = {isa = PBXBuildFile; fileRef = 83A59AE8203359D60007840D /* Assets.xcassets */; };
		83A59AEC203359D60007840D /* LaunchScreen.storyboard in Resources */ = {isa = PBXBuildFile; fileRef = 83A59AEA203359D60007840D /* LaunchScreen.storyboard */; };
		83A59AF7203359D60007840D /* Price_TrackerTests.swift in Sources */ = {isa = PBXBuildFile; fileRef = 83A59AF6203359D60007840D /* Price_TrackerTests.swift */; };
		83A59B02203359D60007840D /* Price_TrackerUITests.swift in Sources */ = {isa = PBXBuildFile; fileRef = 83A59B01203359D60007840D /* Price_TrackerUITests.swift */; };
		83BD11DA205B25BC00120051 /* homeViewController.swift in Sources */ = {isa = PBXBuildFile; fileRef = 83BD11D9205B25BC00120051 /* homeViewController.swift */; };
		83BD11DC205B25C900120051 /* productDetailViewController.swift in Sources */ = {isa = PBXBuildFile; fileRef = 83BD11DB205B25C900120051 /* productDetailViewController.swift */; };
		83BD11DE205B25D400120051 /* searchViewController.swift in Sources */ = {isa = PBXBuildFile; fileRef = 83BD11DD205B25D400120051 /* searchViewController.swift */; };
		DB88B8472B6F0B210F663149 /* Pods_Price_TrackerTests.framework in Frameworks */ = {isa = PBXBuildFile; fileRef = BAC16D0BD744DBDAC81076E3 /* Pods_Price_TrackerTests.framework */; };
		F0847256C456DBC2E8D816EB /* Pods_Price_Tracker.framework in Frameworks */ = {isa = PBXBuildFile; fileRef = 209AFE1F1F77C1917A2A7116 /* Pods_Price_Tracker.framework */; };
		F9A0858719D74DD7B100FC8F /* Pods_Price_TrackerUITests.framework in Frameworks */ = {isa = PBXBuildFile; fileRef = 7DA54F500036ED395B9D7DC8 /* Pods_Price_TrackerUITests.framework */; };
/* End PBXBuildFile section */

/* Begin PBXContainerItemProxy section */
		83A59AF3203359D60007840D /* PBXContainerItemProxy */ = {
			isa = PBXContainerItemProxy;
			containerPortal = 83A59AD6203359D60007840D /* Project object */;
			proxyType = 1;
			remoteGlobalIDString = 83A59ADD203359D60007840D;
			remoteInfo = "Price Tracker";
		};
		83A59AFE203359D60007840D /* PBXContainerItemProxy */ = {
			isa = PBXContainerItemProxy;
			containerPortal = 83A59AD6203359D60007840D /* Project object */;
			proxyType = 1;
			remoteGlobalIDString = 83A59ADD203359D60007840D;
			remoteInfo = "Price Tracker";
		};
/* End PBXContainerItemProxy section */

/* Begin PBXFileReference section */
		0834487C90EF8CE4831FBBAE /* Pods-Price Tracker.debug.xcconfig */ = {isa = PBXFileReference; includeInIndex = 1; lastKnownFileType = text.xcconfig; name = "Pods-Price Tracker.debug.xcconfig"; path = "Pods/Target Support Files/Pods-Price Tracker/Pods-Price Tracker.debug.xcconfig"; sourceTree = "<group>"; };
		209AFE1F1F77C1917A2A7116 /* Pods_Price_Tracker.framework */ = {isa = PBXFileReference; explicitFileType = wrapper.framework; includeInIndex = 0; path = Pods_Price_Tracker.framework; sourceTree = BUILT_PRODUCTS_DIR; };
		792657A10114B1B1704B1962 /* Pods-Price TrackerUITests.debug.xcconfig */ = {isa = PBXFileReference; includeInIndex = 1; lastKnownFileType = text.xcconfig; name = "Pods-Price TrackerUITests.debug.xcconfig"; path = "Pods/Target Support Files/Pods-Price TrackerUITests/Pods-Price TrackerUITests.debug.xcconfig"; sourceTree = "<group>"; };
		7B4BC60B206BFF88007CD49E /* itemCell.swift */ = {isa = PBXFileReference; lastKnownFileType = sourcecode.swift; path = itemCell.swift; sourceTree = "<group>"; };
		7B4BC60E206C00F3007CD49E /* Product.swift */ = {isa = PBXFileReference; lastKnownFileType = sourcecode.swift; path = Product.swift; sourceTree = "<group>"; };
		7DA54F500036ED395B9D7DC8 /* Pods_Price_TrackerUITests.framework */ = {isa = PBXFileReference; explicitFileType = wrapper.framework; includeInIndex = 0; path = Pods_Price_TrackerUITests.framework; sourceTree = BUILT_PRODUCTS_DIR; };
		8328BCA4206B26F600B93462 /* loginViewController.swift */ = {isa = PBXFileReference; lastKnownFileType = sourcecode.swift; path = loginViewController.swift; sourceTree = "<group>"; };
		83670D44206B2A2E00978438 /* GoogleService-Info.plist */ = {isa = PBXFileReference; fileEncoding = 4; lastKnownFileType = text.plist.xml; name = "GoogleService-Info.plist"; path = "../../../../Downloads/GoogleService-Info.plist"; sourceTree = "<group>"; };
		83A59ADE203359D60007840D /* Price Tracker.app */ = {isa = PBXFileReference; explicitFileType = wrapper.application; includeInIndex = 0; path = "Price Tracker.app"; sourceTree = BUILT_PRODUCTS_DIR; };
		83A59AE1203359D60007840D /* AppDelegate.swift */ = {isa = PBXFileReference; lastKnownFileType = sourcecode.swift; path = AppDelegate.swift; sourceTree = "<group>"; };
		83A59AE6203359D60007840D /* Base */ = {isa = PBXFileReference; lastKnownFileType = file.storyboard; name = Base; path = Base.lproj/Main.storyboard; sourceTree = "<group>"; };
		83A59AE8203359D60007840D /* Assets.xcassets */ = {isa = PBXFileReference; lastKnownFileType = folder.assetcatalog; path = Assets.xcassets; sourceTree = "<group>"; };
		83A59AEB203359D60007840D /* Base */ = {isa = PBXFileReference; lastKnownFileType = file.storyboard; name = Base; path = Base.lproj/LaunchScreen.storyboard; sourceTree = "<group>"; };
		83A59AED203359D60007840D /* Info.plist */ = {isa = PBXFileReference; lastKnownFileType = text.plist.xml; path = Info.plist; sourceTree = "<group>"; };
		83A59AF2203359D60007840D /* Price TrackerTests.xctest */ = {isa = PBXFileReference; explicitFileType = wrapper.cfbundle; includeInIndex = 0; path = "Price TrackerTests.xctest"; sourceTree = BUILT_PRODUCTS_DIR; };
		83A59AF6203359D60007840D /* Price_TrackerTests.swift */ = {isa = PBXFileReference; lastKnownFileType = sourcecode.swift; path = Price_TrackerTests.swift; sourceTree = "<group>"; };
		83A59AF8203359D60007840D /* Info.plist */ = {isa = PBXFileReference; lastKnownFileType = text.plist.xml; path = Info.plist; sourceTree = "<group>"; };
		83A59AFD203359D60007840D /* Price TrackerUITests.xctest */ = {isa = PBXFileReference; explicitFileType = wrapper.cfbundle; includeInIndex = 0; path = "Price TrackerUITests.xctest"; sourceTree = BUILT_PRODUCTS_DIR; };
		83A59B01203359D60007840D /* Price_TrackerUITests.swift */ = {isa = PBXFileReference; lastKnownFileType = sourcecode.swift; path = Price_TrackerUITests.swift; sourceTree = "<group>"; };
		83A59B03203359D60007840D /* Info.plist */ = {isa = PBXFileReference; lastKnownFileType = text.plist.xml; path = Info.plist; sourceTree = "<group>"; };
		83BD11D9205B25BC00120051 /* homeViewController.swift */ = {isa = PBXFileReference; lastKnownFileType = sourcecode.swift; path = homeViewController.swift; sourceTree = "<group>"; };
		83BD11DB205B25C900120051 /* productDetailViewController.swift */ = {isa = PBXFileReference; lastKnownFileType = sourcecode.swift; path = productDetailViewController.swift; sourceTree = "<group>"; };
		83BD11DD205B25D400120051 /* searchViewController.swift */ = {isa = PBXFileReference; lastKnownFileType = sourcecode.swift; path = searchViewController.swift; sourceTree = "<group>"; };
		8D96E66EB5915C92D76B8B8C /* Pods-Price TrackerTests.release.xcconfig */ = {isa = PBXFileReference; includeInIndex = 1; lastKnownFileType = text.xcconfig; name = "Pods-Price TrackerTests.release.xcconfig"; path = "Pods/Target Support Files/Pods-Price TrackerTests/Pods-Price TrackerTests.release.xcconfig"; sourceTree = "<group>"; };
		A00EC2850C95D57138C0B35A /* Pods-Price TrackerTests.debug.xcconfig */ = {isa = PBXFileReference; includeInIndex = 1; lastKnownFileType = text.xcconfig; name = "Pods-Price TrackerTests.debug.xcconfig"; path = "Pods/Target Support Files/Pods-Price TrackerTests/Pods-Price TrackerTests.debug.xcconfig"; sourceTree = "<group>"; };
		AA4FCA6BF779B4F934C4F1A8 /* Pods-Price TrackerUITests.release.xcconfig */ = {isa = PBXFileReference; includeInIndex = 1; lastKnownFileType = text.xcconfig; name = "Pods-Price TrackerUITests.release.xcconfig"; path = "Pods/Target Support Files/Pods-Price TrackerUITests/Pods-Price TrackerUITests.release.xcconfig"; sourceTree = "<group>"; };
		BAC16D0BD744DBDAC81076E3 /* Pods_Price_TrackerTests.framework */ = {isa = PBXFileReference; explicitFileType = wrapper.framework; includeInIndex = 0; path = Pods_Price_TrackerTests.framework; sourceTree = BUILT_PRODUCTS_DIR; };
		E3D683D7371F1263DA097C22 /* Pods-Price Tracker.release.xcconfig */ = {isa = PBXFileReference; includeInIndex = 1; lastKnownFileType = text.xcconfig; name = "Pods-Price Tracker.release.xcconfig"; path = "Pods/Target Support Files/Pods-Price Tracker/Pods-Price Tracker.release.xcconfig"; sourceTree = "<group>"; };
/* End PBXFileReference section */

/* Begin PBXFrameworksBuildPhase section */
		83A59ADB203359D60007840D /* Frameworks */ = {
			isa = PBXFrameworksBuildPhase;
			buildActionMask = 2147483647;
			files = (
				F0847256C456DBC2E8D816EB /* Pods_Price_Tracker.framework in Frameworks */,
			);
			runOnlyForDeploymentPostprocessing = 0;
		};
		83A59AEF203359D60007840D /* Frameworks */ = {
			isa = PBXFrameworksBuildPhase;
			buildActionMask = 2147483647;
			files = (
				DB88B8472B6F0B210F663149 /* Pods_Price_TrackerTests.framework in Frameworks */,
			);
			runOnlyForDeploymentPostprocessing = 0;
		};
		83A59AFA203359D60007840D /* Frameworks */ = {
			isa = PBXFrameworksBuildPhase;
			buildActionMask = 2147483647;
			files = (
				F9A0858719D74DD7B100FC8F /* Pods_Price_TrackerUITests.framework in Frameworks */,
			);
			runOnlyForDeploymentPostprocessing = 0;
		};
/* End PBXFrameworksBuildPhase section */

/* Begin PBXGroup section */
		13F875923445D076CAA5AB6C /* Frameworks */ = {
			isa = PBXGroup;
			children = (
				209AFE1F1F77C1917A2A7116 /* Pods_Price_Tracker.framework */,
				BAC16D0BD744DBDAC81076E3 /* Pods_Price_TrackerTests.framework */,
				7DA54F500036ED395B9D7DC8 /* Pods_Price_TrackerUITests.framework */,
			);
			name = Frameworks;
			sourceTree = "<group>";
		};
		3EA57ACADC512325EA261D50 /* Pods */ = {
			isa = PBXGroup;
			children = (
				0834487C90EF8CE4831FBBAE /* Pods-Price Tracker.debug.xcconfig */,
				E3D683D7371F1263DA097C22 /* Pods-Price Tracker.release.xcconfig */,
				A00EC2850C95D57138C0B35A /* Pods-Price TrackerTests.debug.xcconfig */,
				8D96E66EB5915C92D76B8B8C /* Pods-Price TrackerTests.release.xcconfig */,
				792657A10114B1B1704B1962 /* Pods-Price TrackerUITests.debug.xcconfig */,
				AA4FCA6BF779B4F934C4F1A8 /* Pods-Price TrackerUITests.release.xcconfig */,
			);
			name = Pods;
			sourceTree = "<group>";
		};
		7B4BC60A206BFF45007CD49E /* Cells */ = {
			isa = PBXGroup;
			children = (
				7B4BC60B206BFF88007CD49E /* itemCell.swift */,
			);
			path = Cells;
			sourceTree = "<group>";
		};
		7B4BC60D206C00C1007CD49E /* Models */ = {
			isa = PBXGroup;
			children = (
				7B4BC60E206C00F3007CD49E /* Product.swift */,
			);
			path = Models;
			sourceTree = "<group>";
		};
		83A59AD5203359D60007840D = {
			isa = PBXGroup;
			children = (
				83A59AE0203359D60007840D /* Price Tracker */,
				83A59AF5203359D60007840D /* Price TrackerTests */,
				83A59B00203359D60007840D /* Price TrackerUITests */,
				83A59ADF203359D60007840D /* Products */,
				3EA57ACADC512325EA261D50 /* Pods */,
				13F875923445D076CAA5AB6C /* Frameworks */,
			);
			sourceTree = "<group>";
		};
		83A59ADF203359D60007840D /* Products */ = {
			isa = PBXGroup;
			children = (
				83A59ADE203359D60007840D /* Price Tracker.app */,
				83A59AF2203359D60007840D /* Price TrackerTests.xctest */,
				83A59AFD203359D60007840D /* Price TrackerUITests.xctest */,
			);
			name = Products;
			sourceTree = "<group>";
		};
		83A59AE0203359D60007840D /* Price Tracker */ = {
			isa = PBXGroup;
			children = (
				7B4BC60D206C00C1007CD49E /* Models */,
				7B4BC60A206BFF45007CD49E /* Cells */,
				83BD11D8205B258100120051 /* View Controllers */,
				83A59AE1203359D60007840D /* AppDelegate.swift */,
				83A59AE5203359D60007840D /* Main.storyboard */,
				83A59AE8203359D60007840D /* Assets.xcassets */,
				83A59AEA203359D60007840D /* LaunchScreen.storyboard */,
				83A59AED203359D60007840D /* Info.plist */,
				83670D44206B2A2E00978438 /* GoogleService-Info.plist */,
			);
			path = "Price Tracker";
			sourceTree = "<group>";
		};
		83A59AF5203359D60007840D /* Price TrackerTests */ = {
			isa = PBXGroup;
			children = (
				83A59AF6203359D60007840D /* Price_TrackerTests.swift */,
				83A59AF8203359D60007840D /* Info.plist */,
			);
			path = "Price TrackerTests";
			sourceTree = "<group>";
		};
		83A59B00203359D60007840D /* Price TrackerUITests */ = {
			isa = PBXGroup;
			children = (
				83A59B01203359D60007840D /* Price_TrackerUITests.swift */,
				83A59B03203359D60007840D /* Info.plist */,
			);
			path = "Price TrackerUITests";
			sourceTree = "<group>";
		};
		83BD11D8205B258100120051 /* View Controllers */ = {
			isa = PBXGroup;
			children = (
				83BD11D9205B25BC00120051 /* homeViewController.swift */,
				83BD11DB205B25C900120051 /* productDetailViewController.swift */,
				83BD11DD205B25D400120051 /* searchViewController.swift */,
				8328BCA4206B26F600B93462 /* loginViewController.swift */,
			);
			path = "View Controllers";
			sourceTree = "<group>";
		};
/* End PBXGroup section */

/* Begin PBXNativeTarget section */
		83A59ADD203359D60007840D /* Price Tracker */ = {
			isa = PBXNativeTarget;
			buildConfigurationList = 83A59B06203359D60007840D /* Build configuration list for PBXNativeTarget "Price Tracker" */;
			buildPhases = (
				2E0406A8D246A89B29A30005 /* [CP] Check Pods Manifest.lock */,
				83A59ADA203359D60007840D /* Sources */,
				83A59ADB203359D60007840D /* Frameworks */,
				83A59ADC203359D60007840D /* Resources */,
				3B37CB86ABFF999A4BF84650 /* [CP] Embed Pods Frameworks */,
				648ECE6916A1F5F4F156A5FF /* [CP] Copy Pods Resources */,
			);
			buildRules = (
			);
			dependencies = (
			);
			name = "Price Tracker";
			productName = "Price Tracker";
			productReference = 83A59ADE203359D60007840D /* Price Tracker.app */;
			productType = "com.apple.product-type.application";
		};
		83A59AF1203359D60007840D /* Price TrackerTests */ = {
			isa = PBXNativeTarget;
			buildConfigurationList = 83A59B09203359D60007840D /* Build configuration list for PBXNativeTarget "Price TrackerTests" */;
			buildPhases = (
				5BD7E6A8D1CFC2F92AD1C306 /* [CP] Check Pods Manifest.lock */,
				83A59AEE203359D60007840D /* Sources */,
				83A59AEF203359D60007840D /* Frameworks */,
				83A59AF0203359D60007840D /* Resources */,
				82CEA73DFDD9D11F41647C11 /* [CP] Embed Pods Frameworks */,
				CEB6E580414B4358438178E1 /* [CP] Copy Pods Resources */,
			);
			buildRules = (
			);
			dependencies = (
				83A59AF4203359D60007840D /* PBXTargetDependency */,
			);
			name = "Price TrackerTests";
			productName = "Price TrackerTests";
			productReference = 83A59AF2203359D60007840D /* Price TrackerTests.xctest */;
			productType = "com.apple.product-type.bundle.unit-test";
		};
		83A59AFC203359D60007840D /* Price TrackerUITests */ = {
			isa = PBXNativeTarget;
			buildConfigurationList = 83A59B0C203359D60007840D /* Build configuration list for PBXNativeTarget "Price TrackerUITests" */;
			buildPhases = (
				AA03AD3FC8DEA08187365B7A /* [CP] Check Pods Manifest.lock */,
				83A59AF9203359D60007840D /* Sources */,
				83A59AFA203359D60007840D /* Frameworks */,
				83A59AFB203359D60007840D /* Resources */,
				191D05144BBA4FA712C546D4 /* [CP] Embed Pods Frameworks */,
				3F78B74217DBC185BFFA88B4 /* [CP] Copy Pods Resources */,
			);
			buildRules = (
			);
			dependencies = (
				83A59AFF203359D60007840D /* PBXTargetDependency */,
			);
			name = "Price TrackerUITests";
			productName = "Price TrackerUITests";
			productReference = 83A59AFD203359D60007840D /* Price TrackerUITests.xctest */;
			productType = "com.apple.product-type.bundle.ui-testing";
		};
/* End PBXNativeTarget section */

/* Begin PBXProject section */
		83A59AD6203359D60007840D /* Project object */ = {
			isa = PBXProject;
			attributes = {
				LastSwiftUpdateCheck = 0920;
				LastUpgradeCheck = 0920;
				ORGANIZATIONNAME = bruhIDC;
				TargetAttributes = {
					83A59ADD203359D60007840D = {
						CreatedOnToolsVersion = 9.2;
						ProvisioningStyle = Automatic;
					};
					83A59AF1203359D60007840D = {
						CreatedOnToolsVersion = 9.2;
						ProvisioningStyle = Automatic;
						TestTargetID = 83A59ADD203359D60007840D;
					};
					83A59AFC203359D60007840D = {
						CreatedOnToolsVersion = 9.2;
						ProvisioningStyle = Automatic;
						TestTargetID = 83A59ADD203359D60007840D;
					};
				};
			};
			buildConfigurationList = 83A59AD9203359D60007840D /* Build configuration list for PBXProject "Price Tracker" */;
			compatibilityVersion = "Xcode 8.0";
			developmentRegion = en;
			hasScannedForEncodings = 0;
			knownRegions = (
				en,
				Base,
			);
			mainGroup = 83A59AD5203359D60007840D;
			productRefGroup = 83A59ADF203359D60007840D /* Products */;
			projectDirPath = "";
			projectRoot = "";
			targets = (
				83A59ADD203359D60007840D /* Price Tracker */,
				83A59AF1203359D60007840D /* Price TrackerTests */,
				83A59AFC203359D60007840D /* Price TrackerUITests */,
			);
		};
/* End PBXProject section */

/* Begin PBXResourcesBuildPhase section */
		83A59ADC203359D60007840D /* Resources */ = {
			isa = PBXResourcesBuildPhase;
			buildActionMask = 2147483647;
			files = (
				83A59AEC203359D60007840D /* LaunchScreen.storyboard in Resources */,
				83670D45206B2A2E00978438 /* GoogleService-Info.plist in Resources */,
				83A59AE9203359D60007840D /* Assets.xcassets in Resources */,
				83A59AE7203359D60007840D /* Main.storyboard in Resources */,
			);
			runOnlyForDeploymentPostprocessing = 0;
		};
		83A59AF0203359D60007840D /* Resources */ = {
			isa = PBXResourcesBuildPhase;
			buildActionMask = 2147483647;
			files = (
			);
			runOnlyForDeploymentPostprocessing = 0;
		};
		83A59AFB203359D60007840D /* Resources */ = {
			isa = PBXResourcesBuildPhase;
			buildActionMask = 2147483647;
			files = (
			);
			runOnlyForDeploymentPostprocessing = 0;
		};
/* End PBXResourcesBuildPhase section */

/* Begin PBXShellScriptBuildPhase section */
		191D05144BBA4FA712C546D4 /* [CP] Embed Pods Frameworks */ = {
			isa = PBXShellScriptBuildPhase;
			buildActionMask = 2147483647;
			files = (
			);
			inputPaths = (
			);
			name = "[CP] Embed Pods Frameworks";
			outputPaths = (
			);
			runOnlyForDeploymentPostprocessing = 0;
			shellPath = /bin/sh;
			shellScript = "\"${SRCROOT}/Pods/Target Support Files/Pods-Price TrackerUITests/Pods-Price TrackerUITests-frameworks.sh\"\n";
			showEnvVarsInLog = 0;
		};
		2E0406A8D246A89B29A30005 /* [CP] Check Pods Manifest.lock */ = {
			isa = PBXShellScriptBuildPhase;
			buildActionMask = 2147483647;
			files = (
			);
			inputPaths = (
				"${PODS_PODFILE_DIR_PATH}/Podfile.lock",
				"${PODS_ROOT}/Manifest.lock",
			);
			name = "[CP] Check Pods Manifest.lock";
			outputPaths = (
				"$(DERIVED_FILE_DIR)/Pods-Price Tracker-checkManifestLockResult.txt",
			);
			runOnlyForDeploymentPostprocessing = 0;
			shellPath = /bin/sh;
			shellScript = "diff \"${PODS_PODFILE_DIR_PATH}/Podfile.lock\" \"${PODS_ROOT}/Manifest.lock\" > /dev/null\nif [ $? != 0 ] ; then\n    # print error to STDERR\n    echo \"error: The sandbox is not in sync with the Podfile.lock. Run 'pod install' or update your CocoaPods installation.\" >&2\n    exit 1\nfi\n# This output is used by Xcode 'outputs' to avoid re-running this script phase.\necho \"SUCCESS\" > \"${SCRIPT_OUTPUT_FILE_0}\"\n";
			showEnvVarsInLog = 0;
		};
		3B37CB86ABFF999A4BF84650 /* [CP] Embed Pods Frameworks */ = {
			isa = PBXShellScriptBuildPhase;
			buildActionMask = 2147483647;
			files = (
			);
			inputPaths = (
				"${SRCROOT}/Pods/Target Support Files/Pods-Price Tracker/Pods-Price Tracker-frameworks.sh",
				"${BUILT_PRODUCTS_DIR}/BoringSSL/openssl.framework",
				"${BUILT_PRODUCTS_DIR}/GTMSessionFetcher/GTMSessionFetcher.framework",
				"${BUILT_PRODUCTS_DIR}/GoogleToolboxForMac/GoogleToolboxForMac.framework",
				"${BUILT_PRODUCTS_DIR}/Protobuf/Protobuf.framework",
				"${BUILT_PRODUCTS_DIR}/gRPC/GRPCClient.framework",
				"${BUILT_PRODUCTS_DIR}/gRPC-Core/grpc.framework",
				"${BUILT_PRODUCTS_DIR}/gRPC-ProtoRPC/ProtoRPC.framework",
				"${BUILT_PRODUCTS_DIR}/gRPC-RxLibrary/RxLibrary.framework",
				"${BUILT_PRODUCTS_DIR}/leveldb-library/leveldb.framework",
				"${BUILT_PRODUCTS_DIR}/nanopb/nanopb.framework",
			);
			name = "[CP] Embed Pods Frameworks";
			outputPaths = (
				"${TARGET_BUILD_DIR}/${FRAMEWORKS_FOLDER_PATH}/openssl.framework",
				"${TARGET_BUILD_DIR}/${FRAMEWORKS_FOLDER_PATH}/GTMSessionFetcher.framework",
				"${TARGET_BUILD_DIR}/${FRAMEWORKS_FOLDER_PATH}/GoogleToolboxForMac.framework",
				"${TARGET_BUILD_DIR}/${FRAMEWORKS_FOLDER_PATH}/Protobuf.framework",
				"${TARGET_BUILD_DIR}/${FRAMEWORKS_FOLDER_PATH}/GRPCClient.framework",
				"${TARGET_BUILD_DIR}/${FRAMEWORKS_FOLDER_PATH}/grpc.framework",
				"${TARGET_BUILD_DIR}/${FRAMEWORKS_FOLDER_PATH}/ProtoRPC.framework",
				"${TARGET_BUILD_DIR}/${FRAMEWORKS_FOLDER_PATH}/RxLibrary.framework",
				"${TARGET_BUILD_DIR}/${FRAMEWORKS_FOLDER_PATH}/leveldb.framework",
				"${TARGET_BUILD_DIR}/${FRAMEWORKS_FOLDER_PATH}/nanopb.framework",
			);
			runOnlyForDeploymentPostprocessing = 0;
			shellPath = /bin/sh;
			shellScript = "\"${SRCROOT}/Pods/Target Support Files/Pods-Price Tracker/Pods-Price Tracker-frameworks.sh\"\n";
			showEnvVarsInLog = 0;
		};
		3F78B74217DBC185BFFA88B4 /* [CP] Copy Pods Resources */ = {
			isa = PBXShellScriptBuildPhase;
			buildActionMask = 2147483647;
			files = (
			);
			inputPaths = (
			);
			name = "[CP] Copy Pods Resources";
			outputPaths = (
			);
			runOnlyForDeploymentPostprocessing = 0;
			shellPath = /bin/sh;
			shellScript = "\"${SRCROOT}/Pods/Target Support Files/Pods-Price TrackerUITests/Pods-Price TrackerUITests-resources.sh\"\n";
			showEnvVarsInLog = 0;
		};
		5BD7E6A8D1CFC2F92AD1C306 /* [CP] Check Pods Manifest.lock */ = {
			isa = PBXShellScriptBuildPhase;
			buildActionMask = 2147483647;
			files = (
			);
			inputPaths = (
				"${PODS_PODFILE_DIR_PATH}/Podfile.lock",
				"${PODS_ROOT}/Manifest.lock",
			);
			name = "[CP] Check Pods Manifest.lock";
			outputPaths = (
				"$(DERIVED_FILE_DIR)/Pods-Price TrackerTests-checkManifestLockResult.txt",
			);
			runOnlyForDeploymentPostprocessing = 0;
			shellPath = /bin/sh;
			shellScript = "diff \"${PODS_PODFILE_DIR_PATH}/Podfile.lock\" \"${PODS_ROOT}/Manifest.lock\" > /dev/null\nif [ $? != 0 ] ; then\n    # print error to STDERR\n    echo \"error: The sandbox is not in sync with the Podfile.lock. Run 'pod install' or update your CocoaPods installation.\" >&2\n    exit 1\nfi\n# This output is used by Xcode 'outputs' to avoid re-running this script phase.\necho \"SUCCESS\" > \"${SCRIPT_OUTPUT_FILE_0}\"\n";
			showEnvVarsInLog = 0;
		};
		648ECE6916A1F5F4F156A5FF /* [CP] Copy Pods Resources */ = {
			isa = PBXShellScriptBuildPhase;
			buildActionMask = 2147483647;
			files = (
			);
			inputPaths = (
			);
			name = "[CP] Copy Pods Resources";
			outputPaths = (
			);
			runOnlyForDeploymentPostprocessing = 0;
			shellPath = /bin/sh;
			shellScript = "\"${SRCROOT}/Pods/Target Support Files/Pods-Price Tracker/Pods-Price Tracker-resources.sh\"\n";
			showEnvVarsInLog = 0;
		};
		82CEA73DFDD9D11F41647C11 /* [CP] Embed Pods Frameworks */ = {
			isa = PBXShellScriptBuildPhase;
			buildActionMask = 2147483647;
			files = (
			);
			inputPaths = (
			);
			name = "[CP] Embed Pods Frameworks";
			outputPaths = (
			);
			runOnlyForDeploymentPostprocessing = 0;
			shellPath = /bin/sh;
			shellScript = "\"${SRCROOT}/Pods/Target Support Files/Pods-Price TrackerTests/Pods-Price TrackerTests-frameworks.sh\"\n";
			showEnvVarsInLog = 0;
		};
		AA03AD3FC8DEA08187365B7A /* [CP] Check Pods Manifest.lock */ = {
			isa = PBXShellScriptBuildPhase;
			buildActionMask = 2147483647;
			files = (
			);
			inputPaths = (
				"${PODS_PODFILE_DIR_PATH}/Podfile.lock",
				"${PODS_ROOT}/Manifest.lock",
			);
			name = "[CP] Check Pods Manifest.lock";
			outputPaths = (
				"$(DERIVED_FILE_DIR)/Pods-Price TrackerUITests-checkManifestLockResult.txt",
			);
			runOnlyForDeploymentPostprocessing = 0;
			shellPath = /bin/sh;
			shellScript = "diff \"${PODS_PODFILE_DIR_PATH}/Podfile.lock\" \"${PODS_ROOT}/Manifest.lock\" > /dev/null\nif [ $? != 0 ] ; then\n    # print error to STDERR\n    echo \"error: The sandbox is not in sync with the Podfile.lock. Run 'pod install' or update your CocoaPods installation.\" >&2\n    exit 1\nfi\n# This output is used by Xcode 'outputs' to avoid re-running this script phase.\necho \"SUCCESS\" > \"${SCRIPT_OUTPUT_FILE_0}\"\n";
			showEnvVarsInLog = 0;
		};
		CEB6E580414B4358438178E1 /* [CP] Copy Pods Resources */ = {
			isa = PBXShellScriptBuildPhase;
			buildActionMask = 2147483647;
			files = (
			);
			inputPaths = (
			);
			name = "[CP] Copy Pods Resources";
			outputPaths = (
			);
			runOnlyForDeploymentPostprocessing = 0;
			shellPath = /bin/sh;
			shellScript = "\"${SRCROOT}/Pods/Target Support Files/Pods-Price TrackerTests/Pods-Price TrackerTests-resources.sh\"\n";
			showEnvVarsInLog = 0;
		};
/* End PBXShellScriptBuildPhase section */

/* Begin PBXSourcesBuildPhase section */
		83A59ADA203359D60007840D /* Sources */ = {
			isa = PBXSourcesBuildPhase;
			buildActionMask = 2147483647;
			files = (
				83A59AE2203359D60007840D /* AppDelegate.swift in Sources */,
				83BD11DA205B25BC00120051 /* homeViewController.swift in Sources */,
				83BD11DE205B25D400120051 /* searchViewController.swift in Sources */,
				83BD11DC205B25C900120051 /* productDetailViewController.swift in Sources */,
				7B4BC60C206BFF88007CD49E /* itemCell.swift in Sources */,
				8328BCA5206B26F600B93462 /* loginViewController.swift in Sources */,
				7B4BC60F206C00F3007CD49E /* Product.swift in Sources */,
			);
			runOnlyForDeploymentPostprocessing = 0;
		};
		83A59AEE203359D60007840D /* Sources */ = {
			isa = PBXSourcesBuildPhase;
			buildActionMask = 2147483647;
			files = (
				83A59AF7203359D60007840D /* Price_TrackerTests.swift in Sources */,
			);
			runOnlyForDeploymentPostprocessing = 0;
		};
		83A59AF9203359D60007840D /* Sources */ = {
			isa = PBXSourcesBuildPhase;
			buildActionMask = 2147483647;
			files = (
				83A59B02203359D60007840D /* Price_TrackerUITests.swift in Sources */,
			);
			runOnlyForDeploymentPostprocessing = 0;
		};
/* End PBXSourcesBuildPhase section */

/* Begin PBXTargetDependency section */
		83A59AF4203359D60007840D /* PBXTargetDependency */ = {
			isa = PBXTargetDependency;
			target = 83A59ADD203359D60007840D /* Price Tracker */;
			targetProxy = 83A59AF3203359D60007840D /* PBXContainerItemProxy */;
		};
		83A59AFF203359D60007840D /* PBXTargetDependency */ = {
			isa = PBXTargetDependency;
			target = 83A59ADD203359D60007840D /* Price Tracker */;
			targetProxy = 83A59AFE203359D60007840D /* PBXContainerItemProxy */;
		};
/* End PBXTargetDependency section */

/* Begin PBXVariantGroup section */
		83A59AE5203359D60007840D /* Main.storyboard */ = {
			isa = PBXVariantGroup;
			children = (
				83A59AE6203359D60007840D /* Base */,
			);
			name = Main.storyboard;
			sourceTree = "<group>";
		};
		83A59AEA203359D60007840D /* LaunchScreen.storyboard */ = {
			isa = PBXVariantGroup;
			children = (
				83A59AEB203359D60007840D /* Base */,
			);
			name = LaunchScreen.storyboard;
			sourceTree = "<group>";
		};
/* End PBXVariantGroup section */

/* Begin XCBuildConfiguration section */
		83A59B04203359D60007840D /* Debug */ = {
			isa = XCBuildConfiguration;
			buildSettings = {
				ALWAYS_SEARCH_USER_PATHS = NO;
				CLANG_ANALYZER_NONNULL = YES;
				CLANG_ANALYZER_NUMBER_OBJECT_CONVERSION = YES_AGGRESSIVE;
				CLANG_CXX_LANGUAGE_STANDARD = "gnu++14";
				CLANG_CXX_LIBRARY = "libc++";
				CLANG_ENABLE_MODULES = YES;
				CLANG_ENABLE_OBJC_ARC = YES;
				CLANG_WARN_BLOCK_CAPTURE_AUTORELEASING = YES;
				CLANG_WARN_BOOL_CONVERSION = YES;
				CLANG_WARN_COMMA = YES;
				CLANG_WARN_CONSTANT_CONVERSION = YES;
				CLANG_WARN_DIRECT_OBJC_ISA_USAGE = YES_ERROR;
				CLANG_WARN_DOCUMENTATION_COMMENTS = YES;
				CLANG_WARN_EMPTY_BODY = YES;
				CLANG_WARN_ENUM_CONVERSION = YES;
				CLANG_WARN_INFINITE_RECURSION = YES;
				CLANG_WARN_INT_CONVERSION = YES;
				CLANG_WARN_NON_LITERAL_NULL_CONVERSION = YES;
				CLANG_WARN_OBJC_LITERAL_CONVERSION = YES;
				CLANG_WARN_OBJC_ROOT_CLASS = YES_ERROR;
				CLANG_WARN_RANGE_LOOP_ANALYSIS = YES;
				CLANG_WARN_STRICT_PROTOTYPES = YES;
				CLANG_WARN_SUSPICIOUS_MOVE = YES;
				CLANG_WARN_UNGUARDED_AVAILABILITY = YES_AGGRESSIVE;
				CLANG_WARN_UNREACHABLE_CODE = YES;
				CLANG_WARN__DUPLICATE_METHOD_MATCH = YES;
				CODE_SIGN_IDENTITY = "iPhone Developer";
				COPY_PHASE_STRIP = NO;
				DEBUG_INFORMATION_FORMAT = dwarf;
				ENABLE_STRICT_OBJC_MSGSEND = YES;
				ENABLE_TESTABILITY = YES;
				GCC_C_LANGUAGE_STANDARD = gnu11;
				GCC_DYNAMIC_NO_PIC = NO;
				GCC_NO_COMMON_BLOCKS = YES;
				GCC_OPTIMIZATION_LEVEL = 0;
				GCC_PREPROCESSOR_DEFINITIONS = (
					"DEBUG=1",
					"$(inherited)",
				);
				GCC_WARN_64_TO_32_BIT_CONVERSION = YES;
				GCC_WARN_ABOUT_RETURN_TYPE = YES_ERROR;
				GCC_WARN_UNDECLARED_SELECTOR = YES;
				GCC_WARN_UNINITIALIZED_AUTOS = YES_AGGRESSIVE;
				GCC_WARN_UNUSED_FUNCTION = YES;
				GCC_WARN_UNUSED_VARIABLE = YES;
				IPHONEOS_DEPLOYMENT_TARGET = 11.2;
				MTL_ENABLE_DEBUG_INFO = YES;
				ONLY_ACTIVE_ARCH = YES;
				SDKROOT = iphoneos;
				SWIFT_ACTIVE_COMPILATION_CONDITIONS = DEBUG;
				SWIFT_OPTIMIZATION_LEVEL = "-Onone";
			};
			name = Debug;
		};
		83A59B05203359D60007840D /* Release */ = {
			isa = XCBuildConfiguration;
			buildSettings = {
				ALWAYS_SEARCH_USER_PATHS = NO;
				CLANG_ANALYZER_NONNULL = YES;
				CLANG_ANALYZER_NUMBER_OBJECT_CONVERSION = YES_AGGRESSIVE;
				CLANG_CXX_LANGUAGE_STANDARD = "gnu++14";
				CLANG_CXX_LIBRARY = "libc++";
				CLANG_ENABLE_MODULES = YES;
				CLANG_ENABLE_OBJC_ARC = YES;
				CLANG_WARN_BLOCK_CAPTURE_AUTORELEASING = YES;
				CLANG_WARN_BOOL_CONVERSION = YES;
				CLANG_WARN_COMMA = YES;
				CLANG_WARN_CONSTANT_CONVERSION = YES;
				CLANG_WARN_DIRECT_OBJC_ISA_USAGE = YES_ERROR;
				CLANG_WARN_DOCUMENTATION_COMMENTS = YES;
				CLANG_WARN_EMPTY_BODY = YES;
				CLANG_WARN_ENUM_CONVERSION = YES;
				CLANG_WARN_INFINITE_RECURSION = YES;
				CLANG_WARN_INT_CONVERSION = YES;
				CLANG_WARN_NON_LITERAL_NULL_CONVERSION = YES;
				CLANG_WARN_OBJC_LITERAL_CONVERSION = YES;
				CLANG_WARN_OBJC_ROOT_CLASS = YES_ERROR;
				CLANG_WARN_RANGE_LOOP_ANALYSIS = YES;
				CLANG_WARN_STRICT_PROTOTYPES = YES;
				CLANG_WARN_SUSPICIOUS_MOVE = YES;
				CLANG_WARN_UNGUARDED_AVAILABILITY = YES_AGGRESSIVE;
				CLANG_WARN_UNREACHABLE_CODE = YES;
				CLANG_WARN__DUPLICATE_METHOD_MATCH = YES;
				CODE_SIGN_IDENTITY = "iPhone Developer";
				COPY_PHASE_STRIP = NO;
				DEBUG_INFORMATION_FORMAT = "dwarf-with-dsym";
				ENABLE_NS_ASSERTIONS = NO;
				ENABLE_STRICT_OBJC_MSGSEND = YES;
				GCC_C_LANGUAGE_STANDARD = gnu11;
				GCC_NO_COMMON_BLOCKS = YES;
				GCC_WARN_64_TO_32_BIT_CONVERSION = YES;
				GCC_WARN_ABOUT_RETURN_TYPE = YES_ERROR;
				GCC_WARN_UNDECLARED_SELECTOR = YES;
				GCC_WARN_UNINITIALIZED_AUTOS = YES_AGGRESSIVE;
				GCC_WARN_UNUSED_FUNCTION = YES;
				GCC_WARN_UNUSED_VARIABLE = YES;
				IPHONEOS_DEPLOYMENT_TARGET = 11.2;
				MTL_ENABLE_DEBUG_INFO = NO;
				SDKROOT = iphoneos;
				SWIFT_OPTIMIZATION_LEVEL = "-Owholemodule";
				VALIDATE_PRODUCT = YES;
			};
			name = Release;
		};
		83A59B07203359D60007840D /* Debug */ = {
			isa = XCBuildConfiguration;
			baseConfigurationReference = 0834487C90EF8CE4831FBBAE /* Pods-Price Tracker.debug.xcconfig */;
			buildSettings = {
				ASSETCATALOG_COMPILER_APPICON_NAME = AppIcon;
				CODE_SIGN_STYLE = Automatic;
				INFOPLIST_FILE = "Price Tracker/Info.plist";
				LD_RUNPATH_SEARCH_PATHS = "$(inherited) @executable_path/Frameworks";
				PRODUCT_BUNDLE_IDENTIFIER = "com.bruhIDC.Price-Tracker";
				PRODUCT_NAME = "$(TARGET_NAME)";
				SWIFT_VERSION = 4.0;
				TARGETED_DEVICE_FAMILY = "1,2";
			};
			name = Debug;
		};
		83A59B08203359D60007840D /* Release */ = {
			isa = XCBuildConfiguration;
			baseConfigurationReference = E3D683D7371F1263DA097C22 /* Pods-Price Tracker.release.xcconfig */;
			buildSettings = {
				ASSETCATALOG_COMPILER_APPICON_NAME = AppIcon;
				CODE_SIGN_STYLE = Automatic;
				INFOPLIST_FILE = "Price Tracker/Info.plist";
				LD_RUNPATH_SEARCH_PATHS = "$(inherited) @executable_path/Frameworks";
				PRODUCT_BUNDLE_IDENTIFIER = "com.bruhIDC.Price-Tracker";
				PRODUCT_NAME = "$(TARGET_NAME)";
				SWIFT_VERSION = 4.0;
				TARGETED_DEVICE_FAMILY = "1,2";
			};
			name = Release;
		};
		83A59B0A203359D60007840D /* Debug */ = {
			isa = XCBuildConfiguration;
			baseConfigurationReference = A00EC2850C95D57138C0B35A /* Pods-Price TrackerTests.debug.xcconfig */;
			buildSettings = {
				ALWAYS_EMBED_SWIFT_STANDARD_LIBRARIES = YES;
				BUNDLE_LOADER = "$(TEST_HOST)";
				CODE_SIGN_STYLE = Automatic;
				INFOPLIST_FILE = "Price TrackerTests/Info.plist";
				LD_RUNPATH_SEARCH_PATHS = "$(inherited) @executable_path/Frameworks @loader_path/Frameworks";
				PRODUCT_BUNDLE_IDENTIFIER = "com.bruhIDC.Price-TrackerTests";
				PRODUCT_NAME = "$(TARGET_NAME)";
				SWIFT_VERSION = 4.0;
				TARGETED_DEVICE_FAMILY = "1,2";
				TEST_HOST = "$(BUILT_PRODUCTS_DIR)/Price Tracker.app/Price Tracker";
			};
			name = Debug;
		};
		83A59B0B203359D60007840D /* Release */ = {
			isa = XCBuildConfiguration;
			baseConfigurationReference = 8D96E66EB5915C92D76B8B8C /* Pods-Price TrackerTests.release.xcconfig */;
			buildSettings = {
				ALWAYS_EMBED_SWIFT_STANDARD_LIBRARIES = YES;
				BUNDLE_LOADER = "$(TEST_HOST)";
				CODE_SIGN_STYLE = Automatic;
				INFOPLIST_FILE = "Price TrackerTests/Info.plist";
				LD_RUNPATH_SEARCH_PATHS = "$(inherited) @executable_path/Frameworks @loader_path/Frameworks";
				PRODUCT_BUNDLE_IDENTIFIER = "com.bruhIDC.Price-TrackerTests";
				PRODUCT_NAME = "$(TARGET_NAME)";
				SWIFT_VERSION = 4.0;
				TARGETED_DEVICE_FAMILY = "1,2";
				TEST_HOST = "$(BUILT_PRODUCTS_DIR)/Price Tracker.app/Price Tracker";
			};
			name = Release;
		};
		83A59B0D203359D60007840D /* Debug */ = {
			isa = XCBuildConfiguration;
			baseConfigurationReference = 792657A10114B1B1704B1962 /* Pods-Price TrackerUITests.debug.xcconfig */;
			buildSettings = {
				ALWAYS_EMBED_SWIFT_STANDARD_LIBRARIES = YES;
				CODE_SIGN_STYLE = Automatic;
				INFOPLIST_FILE = "Price TrackerUITests/Info.plist";
				LD_RUNPATH_SEARCH_PATHS = "$(inherited) @executable_path/Frameworks @loader_path/Frameworks";
				PRODUCT_BUNDLE_IDENTIFIER = "com.bruhIDC.Price-TrackerUITests";
				PRODUCT_NAME = "$(TARGET_NAME)";
				SWIFT_VERSION = 4.0;
				TARGETED_DEVICE_FAMILY = "1,2";
				TEST_TARGET_NAME = "Price Tracker";
			};
			name = Debug;
		};
		83A59B0E203359D60007840D /* Release */ = {
			isa = XCBuildConfiguration;
			baseConfigurationReference = AA4FCA6BF779B4F934C4F1A8 /* Pods-Price TrackerUITests.release.xcconfig */;
			buildSettings = {
				ALWAYS_EMBED_SWIFT_STANDARD_LIBRARIES = YES;
				CODE_SIGN_STYLE = Automatic;
				INFOPLIST_FILE = "Price TrackerUITests/Info.plist";
				LD_RUNPATH_SEARCH_PATHS = "$(inherited) @executable_path/Frameworks @loader_path/Frameworks";
				PRODUCT_BUNDLE_IDENTIFIER = "com.bruhIDC.Price-TrackerUITests";
				PRODUCT_NAME = "$(TARGET_NAME)";
				SWIFT_VERSION = 4.0;
				TARGETED_DEVICE_FAMILY = "1,2";
				TEST_TARGET_NAME = "Price Tracker";
			};
			name = Release;
		};
/* End XCBuildConfiguration section */

/* Begin XCConfigurationList section */
		83A59AD9203359D60007840D /* Build configuration list for PBXProject "Price Tracker" */ = {
			isa = XCConfigurationList;
			buildConfigurations = (
				83A59B04203359D60007840D /* Debug */,
				83A59B05203359D60007840D /* Release */,
			);
			defaultConfigurationIsVisible = 0;
			defaultConfigurationName = Release;
		};
		83A59B06203359D60007840D /* Build configuration list for PBXNativeTarget "Price Tracker" */ = {
			isa = XCConfigurationList;
			buildConfigurations = (
				83A59B07203359D60007840D /* Debug */,
				83A59B08203359D60007840D /* Release */,
			);
			defaultConfigurationIsVisible = 0;
			defaultConfigurationName = Release;
		};
		83A59B09203359D60007840D /* Build configuration list for PBXNativeTarget "Price TrackerTests" */ = {
			isa = XCConfigurationList;
			buildConfigurations = (
				83A59B0A203359D60007840D /* Debug */,
				83A59B0B203359D60007840D /* Release */,
			);
			defaultConfigurationIsVisible = 0;
			defaultConfigurationName = Release;
		};
		83A59B0C203359D60007840D /* Build configuration list for PBXNativeTarget "Price TrackerUITests" */ = {
			isa = XCConfigurationList;
			buildConfigurations = (
				83A59B0D203359D60007840D /* Debug */,
				83A59B0E203359D60007840D /* Release */,
			);
			defaultConfigurationIsVisible = 0;
			defaultConfigurationName = Release;
		};
/* End XCConfigurationList section */
	};
	rootObject = 83A59AD6203359D60007840D /* Project object */;
}
